
Microsoft Visual Studio Solution File, Format Version 12.00
# Visual Studio 15
VisualStudioVersion = 15.0.28010.2041
MinimumVisualStudioVersion = 10.0.40219.1
Project("{9A19103F-16F7-4668-BE54-9A1E7A4F7556}") = "PizzaLight", "PizzaLight\PizzaLight.csproj", "{8A372D7D-0470-48A6-9262-622BFB1D9B7F}"
EndProject
Project("{FAE04EC0-301F-11D3-BF4B-00C04F79EFBC}") = "PizzaLight.Tests", "PizzaLight.Tests\PizzaLight.Tests.csproj", "{B1FCD006-79A6-4276-AF16-FB35A99B20B3}"
EndProject
Global
	GlobalSection(SolutionConfigurationPlatforms) = preSolution
		Debug|Any CPU = Debug|Any CPU
		Release|Any CPU = Release|Any CPU
	EndGlobalSection
	GlobalSection(ProjectConfigurationPlatforms) = postSolution
		{8A372D7D-0470-48A6-9262-622BFB1D9B7F}.Debug|Any CPU.ActiveCfg = Debug|Any CPU
		{8A372D7D-0470-48A6-9262-622BFB1D9B7F}.Debug|Any CPU.Build.0 = Debug|Any CPU
		{8A372D7D-0470-48A6-9262-622BFB1D9B7F}.Release|Any CPU.ActiveCfg = Release|Any CPU
		{8A372D7D-0470-48A6-9262-622BFB1D9B7F}.Release|Any CPU.Build.0 = Release|Any CPU
		{B1FCD006-79A6-4276-AF16-FB35A99B20B3}.Debug|Any CPU.ActiveCfg = Debug|Any CPU
		{B1FCD006-79A6-4276-AF16-FB35A99B20B3}.Debug|Any CPU.Build.0 = Debug|Any CPU
		{B1FCD006-79A6-4276-AF16-FB35A99B20B3}.Release|Any CPU.ActiveCfg = Release|Any CPU
		{B1FCD006-79A6-4276-AF16-FB35A99B20B3}.Release|Any CPU.Build.0 = Release|Any CPU
	EndGlobalSection
	GlobalSection(SolutionProperties) = preSolution
		HideSolutionNode = FALSE
	EndGlobalSection
	GlobalSection(ExtensibilityGlobals) = postSolution
		SolutionGuid = {7A7F2D31-6F11-4731-A57B-0A961F8B28AE}
	EndGlobalSection
EndGlobal
